
Microsoft Visual Studio Solution File, Format Version 12.00
# Visual Studio 15
VisualStudioVersion = 15.0.27130.2010
MinimumVisualStudioVersion = 10.0.40219.1
Project("{9A19103F-16F7-4668-BE54-9A1E7A4F7556}") = "SasnoBot", "SasnoBot.csproj", "{0DE85D7C-E8FA-43CB-B918-70A5EF278DCF}"
EndProject
Global
	GlobalSection(SolutionConfigurationPlatforms) = preSolution
		Debug|Any CPU = Debug|Any CPU
		Release|Any CPU = Release|Any CPU
	EndGlobalSection
	GlobalSection(ProjectConfigurationPlatforms) = postSolution
		{0DE85D7C-E8FA-43CB-B918-70A5EF278DCF}.Debug|Any CPU.ActiveCfg = Debug|Any CPU
		{0DE85D7C-E8FA-43CB-B918-70A5EF278DCF}.Debug|Any CPU.Build.0 = Debug|Any CPU
		{0DE85D7C-E8FA-43CB-B918-70A5EF278DCF}.Release|Any CPU.ActiveCfg = Release|Any CPU
		{0DE85D7C-E8FA-43CB-B918-70A5EF278DCF}.Release|Any CPU.Build.0 = Release|Any CPU
	EndGlobalSection
	GlobalSection(SolutionProperties) = preSolution
		HideSolutionNode = FALSE
	EndGlobalSection
	GlobalSection(ExtensibilityGlobals) = postSolution
		SolutionGuid = {BFA3A71A-7F75-4378-B2C1-712CC2E566A6}
	EndGlobalSection
EndGlobal
